
Microsoft Visual Studio Solution File, Format Version 12.00
# Visual Studio Version 17
VisualStudioVersion = 17.1.32210.238
MinimumVisualStudioVersion = 10.0.40219.1
Project("{9A19103F-16F7-4668-BE54-9A1E7A4F7556}") = "CustomerRepositoryPattern", "CustomerRepositoryPattern\CustomerRepositoryPattern.csproj", "{3BB63FE1-BD2A-4134-82A2-4138074615A2}"
EndProject
Project("{FAE04EC0-301F-11D3-BF4B-00C04F79EFBC}") = "CustomerRepositortPattern.Mvc", "CustomerRepositortPattern.Mvc\CustomerRepositortPattern.Mvc.csproj", "{C41096FC-F8EA-4BAE-B285-C29A24FAC76E}"
EndProject
Project("{FAE04EC0-301F-11D3-BF4B-00C04F79EFBC}") = "CustomerRepositoryPattern.Mvc.Test", "CustomerRepositoryPattern.Mvc.Test\CustomerRepositoryPattern.Mvc.Test.csproj", "{F5AD90AD-598A-4F82-AF9F-4E558D87004A}"
EndProject
Global
	GlobalSection(SolutionConfigurationPlatforms) = preSolution
		Debug|Any CPU = Debug|Any CPU
		Release|Any CPU = Release|Any CPU
	EndGlobalSection
	GlobalSection(ProjectConfigurationPlatforms) = postSolution
		{3BB63FE1-BD2A-4134-82A2-4138074615A2}.Debug|Any CPU.ActiveCfg = Debug|Any CPU
		{3BB63FE1-BD2A-4134-82A2-4138074615A2}.Debug|Any CPU.Build.0 = Debug|Any CPU
		{3BB63FE1-BD2A-4134-82A2-4138074615A2}.Release|Any CPU.ActiveCfg = Release|Any CPU
		{3BB63FE1-BD2A-4134-82A2-4138074615A2}.Release|Any CPU.Build.0 = Release|Any CPU
		{C41096FC-F8EA-4BAE-B285-C29A24FAC76E}.Debug|Any CPU.ActiveCfg = Debug|Any CPU
		{C41096FC-F8EA-4BAE-B285-C29A24FAC76E}.Debug|Any CPU.Build.0 = Debug|Any CPU
		{C41096FC-F8EA-4BAE-B285-C29A24FAC76E}.Release|Any CPU.ActiveCfg = Release|Any CPU
		{C41096FC-F8EA-4BAE-B285-C29A24FAC76E}.Release|Any CPU.Build.0 = Release|Any CPU
		{F5AD90AD-598A-4F82-AF9F-4E558D87004A}.Debug|Any CPU.ActiveCfg = Debug|Any CPU
		{F5AD90AD-598A-4F82-AF9F-4E558D87004A}.Debug|Any CPU.Build.0 = Debug|Any CPU
		{F5AD90AD-598A-4F82-AF9F-4E558D87004A}.Release|Any CPU.ActiveCfg = Release|Any CPU
		{F5AD90AD-598A-4F82-AF9F-4E558D87004A}.Release|Any CPU.Build.0 = Release|Any CPU
	EndGlobalSection
	GlobalSection(SolutionProperties) = preSolution
		HideSolutionNode = FALSE
	EndGlobalSection
	GlobalSection(ExtensibilityGlobals) = postSolution
		SolutionGuid = {E0DED29E-BCA8-43FF-98D7-9AD82C63FA8C}
	EndGlobalSection
EndGlobal
